
Microsoft Visual Studio Solution File, Format Version 12.00
Project("{FAE04EC0-301F-11D3-BF4B-00C04F79EFBC}") = "Containers", "Containers\Containers.csproj", "{69C89299-CD8C-484B-BD8B-C8091A1A40F6}"
EndProject
Global
	GlobalSection(SolutionConfigurationPlatforms) = preSolution
		Debug|Any CPU = Debug|Any CPU
		Release|Any CPU = Release|Any CPU
	EndGlobalSection
	GlobalSection(ProjectConfigurationPlatforms) = postSolution
		{69C89299-CD8C-484B-BD8B-C8091A1A40F6}.Debug|Any CPU.ActiveCfg = Debug|Any CPU
		{69C89299-CD8C-484B-BD8B-C8091A1A40F6}.Debug|Any CPU.Build.0 = Debug|Any CPU
		{69C89299-CD8C-484B-BD8B-C8091A1A40F6}.Release|Any CPU.ActiveCfg = Release|Any CPU
		{69C89299-CD8C-484B-BD8B-C8091A1A40F6}.Release|Any CPU.Build.0 = Release|Any CPU
	EndGlobalSection
EndGlobal
